{
  "name": "strapi-v5-plugin-populate-deep",
  "version": "4.3.6",
  "lockfileVersion": 3,
  "requires": true,
  "packages": {
    "": {
      "name": "strapi-v5-plugin-populate-deep",
      "version": "4.3.6",
      "license": "MIT",
      "engines": {
        "node": ">=18.0.0 <=24.x.x",
        "npm": ">=6.0.0"
      }
    }
  }
}
